// !$*UTF8*$!
{
	archiveVersion = 1;
	classes = {
	};
	objectVersion = 56;
	objects = {

/* Begin PBXBuildFile section */
		6209898B2A3AD600002CCABC /* MetronomeModel.swift in Sources */ = {isa = PBXBuildFile; fileRef = 6209898A2A3AD600002CCABC /* MetronomeModel.swift */; };
		6209898D2A3AD702002CCABC /* bpmView.swift in Sources */ = {isa = PBXBuildFile; fileRef = 6209898C2A3AD702002CCABC /* bpmView.swift */; };
		620989912A3ADB7B002CCABC /* ButtonView.swift in Sources */ = {isa = PBXBuildFile; fileRef = 620989902A3ADB7B002CCABC /* ButtonView.swift */; };
		620989942A3AE779002CCABC /* metronome-click.m4a in Resources */ = {isa = PBXBuildFile; fileRef = 620989932A3AE778002CCABC /* metronome-click.m4a */; };
		620989962A3AE78D002CCABC /* AudioPlayer.swift in Sources */ = {isa = PBXBuildFile; fileRef = 620989952A3AE78D002CCABC /* AudioPlayer.swift */; };
		620989982A3AE864002CCABC /* MetronomeView.swift in Sources */ = {isa = PBXBuildFile; fileRef = 620989972A3AE864002CCABC /* MetronomeView.swift */; };
		624709C32A3AD4B4002AEE60 /* MetronomeApp.swift in Sources */ = {isa = PBXBuildFile; fileRef = 624709C22A3AD4B4002AEE60 /* MetronomeApp.swift */; };
		624709C52A3AD4B4002AEE60 /* ContentView.swift in Sources */ = {isa = PBXBuildFile; fileRef = 624709C42A3AD4B4002AEE60 /* ContentView.swift */; };
		624709C72A3AD4B6002AEE60 /* Assets.xcassets in Resources */ = {isa = PBXBuildFile; fileRef = 624709C62A3AD4B6002AEE60 /* Assets.xcassets */; };
		624709CA2A3AD4B6002AEE60 /* Preview Assets.xcassets in Resources */ = {isa = PBXBuildFile; fileRef = 624709C92A3AD4B6002AEE60 /* Preview Assets.xcassets */; };
/* End PBXBuildFile section */

/* Begin PBXFileReference section */
		6209898A2A3AD600002CCABC /* MetronomeModel.swift */ = {isa = PBXFileReference; lastKnownFileType = sourcecode.swift; path = MetronomeModel.swift; sourceTree = "<group>"; };
		6209898C2A3AD702002CCABC /* bpmView.swift */ = {isa = PBXFileReference; lastKnownFileType = sourcecode.swift; path = bpmView.swift; sourceTree = "<group>"; };
		620989902A3ADB7B002CCABC /* ButtonView.swift */ = {isa = PBXFileReference; lastKnownFileType = sourcecode.swift; path = ButtonView.swift; sourceTree = "<group>"; };
		620989932A3AE778002CCABC /* metronome-click.m4a */ = {isa = PBXFileReference; lastKnownFileType = file; path = "metronome-click.m4a"; sourceTree = "<group>"; };
		620989952A3AE78D002CCABC /* AudioPlayer.swift */ = {isa = PBXFileReference; lastKnownFileType = sourcecode.swift; path = AudioPlayer.swift; sourceTree = "<group>"; };
		620989972A3AE864002CCABC /* MetronomeView.swift */ = {isa = PBXFileReference; lastKnownFileType = sourcecode.swift; path = MetronomeView.swift; sourceTree = "<group>"; };
		624709BF2A3AD4B4002AEE60 /* Metronome.app */ = {isa = PBXFileReference; explicitFileType = wrapper.application; includeInIndex = 0; path = Metronome.app; sourceTree = BUILT_PRODUCTS_DIR; };
		624709C22A3AD4B4002AEE60 /* MetronomeApp.swift */ = {isa = PBXFileReference; lastKnownFileType = sourcecode.swift; path = MetronomeApp.swift; sourceTree = "<group>"; };
		624709C42A3AD4B4002AEE60 /* ContentView.swift */ = {isa = PBXFileReference; lastKnownFileType = sourcecode.swift; path = ContentView.swift; sourceTree = "<group>"; };
		624709C62A3AD4B6002AEE60 /* Assets.xcassets */ = {isa = PBXFileReference; lastKnownFileType = folder.assetcatalog; path = Assets.xcassets; sourceTree = "<group>"; };
		624709C92A3AD4B6002AEE60 /* Preview Assets.xcassets */ = {isa = PBXFileReference; lastKnownFileType = folder.assetcatalog; path = "Preview Assets.xcassets"; sourceTree = "<group>"; };
/* End PBXFileReference section */

/* Begin PBXFrameworksBuildPhase section */
		624709BC2A3AD4B4002AEE60 /* Frameworks */ = {
			isa = PBXFrameworksBuildPhase;
			buildActionMask = 2147483647;
			files = (
			);
			runOnlyForDeploymentPostprocessing = 0;
		};
/* End PBXFrameworksBuildPhase section */

/* Begin PBXGroup section */
		620989862A3AD5D4002CCABC /* App */ = {
			isa = PBXGroup;
			children = (
				624709C22A3AD4B4002AEE60 /* MetronomeApp.swift */,
				624709C42A3AD4B4002AEE60 /* ContentView.swift */,
			);
			path = App;
			sourceTree = "<group>";
		};
		620989872A3AD5D9002CCABC /* View */ = {
			isa = PBXGroup;
			children = (
				6209898C2A3AD702002CCABC /* bpmView.swift */,
				620989972A3AE864002CCABC /* MetronomeView.swift */,
				620989902A3ADB7B002CCABC /* ButtonView.swift */,
			);
			path = View;
			sourceTree = "<group>";
		};
		620989882A3AD5E2002CCABC /* Model */ = {
			isa = PBXGroup;
			children = (
				6209898A2A3AD600002CCABC /* MetronomeModel.swift */,
			);
			path = Model;
			sourceTree = "<group>";
		};
		620989892A3AD5EC002CCABC /* Utility */ = {
			isa = PBXGroup;
			children = (
				620989952A3AE78D002CCABC /* AudioPlayer.swift */,
			);
			path = Utility;
			sourceTree = "<group>";
		};
		620989922A3AE762002CCABC /* Sound */ = {
			isa = PBXGroup;
			children = (
				620989932A3AE778002CCABC /* metronome-click.m4a */,
			);
			path = Sound;
			sourceTree = "<group>";
		};
		624709B62A3AD4B4002AEE60 = {
			isa = PBXGroup;
			children = (
				624709C12A3AD4B4002AEE60 /* Metronome */,
				624709C02A3AD4B4002AEE60 /* Products */,
			);
			sourceTree = "<group>";
		};
		624709C02A3AD4B4002AEE60 /* Products */ = {
			isa = PBXGroup;
			children = (
				624709BF2A3AD4B4002AEE60 /* Metronome.app */,
			);
			name = Products;
			sourceTree = "<group>";
		};
		624709C12A3AD4B4002AEE60 /* Metronome */ = {
			isa = PBXGroup;
			children = (
				620989862A3AD5D4002CCABC /* App */,
				620989872A3AD5D9002CCABC /* View */,
				620989882A3AD5E2002CCABC /* Model */,
				620989892A3AD5EC002CCABC /* Utility */,
				620989922A3AE762002CCABC /* Sound */,
				624709C62A3AD4B6002AEE60 /* Assets.xcassets */,
				624709C82A3AD4B6002AEE60 /* Preview Content */,
			);
			path = Metronome;
			sourceTree = "<group>";
		};
		624709C82A3AD4B6002AEE60 /* Preview Content */ = {
			isa = PBXGroup;
			children = (
				624709C92A3AD4B6002AEE60 /* Preview Assets.xcassets */,
			);
			path = "Preview Content";
			sourceTree = "<group>";
		};
/* End PBXGroup section */

/* Begin PBXNativeTarget section */
		624709BE2A3AD4B4002AEE60 /* Metronome */ = {
			isa = PBXNativeTarget;
			buildConfigurationList = 624709CD2A3AD4B6002AEE60 /* Build configuration list for PBXNativeTarget "Metronome" */;
			buildPhases = (
				624709BB2A3AD4B4002AEE60 /* Sources */,
				624709BC2A3AD4B4002AEE60 /* Frameworks */,
				624709BD2A3AD4B4002AEE60 /* Resources */,
			);
			buildRules = (
			);
			dependencies = (
			);
			name = Metronome;
			productName = Metronome;
			productReference = 624709BF2A3AD4B4002AEE60 /* Metronome.app */;
			productType = "com.apple.product-type.application";
		};
/* End PBXNativeTarget section */

/* Begin PBXProject section */
		624709B72A3AD4B4002AEE60 /* Project object */ = {
			isa = PBXProject;
			attributes = {
				BuildIndependentTargetsInParallel = 1;
				LastSwiftUpdateCheck = 1430;
				LastUpgradeCheck = 1430;
				TargetAttributes = {
					624709BE2A3AD4B4002AEE60 = {
						CreatedOnToolsVersion = 14.3.1;
					};
				};
			};
			buildConfigurationList = 624709BA2A3AD4B4002AEE60 /* Build configuration list for PBXProject "Metronome" */;
			compatibilityVersion = "Xcode 14.0";
			developmentRegion = en;
			hasScannedForEncodings = 0;
			knownRegions = (
				en,
				Base,
			);
			mainGroup = 624709B62A3AD4B4002AEE60;
			productRefGroup = 624709C02A3AD4B4002AEE60 /* Products */;
			projectDirPath = "";
			projectRoot = "";
			targets = (
				624709BE2A3AD4B4002AEE60 /* Metronome */,
			);
		};
/* End PBXProject section */

/* Begin PBXResourcesBuildPhase section */
		624709BD2A3AD4B4002AEE60 /* Resources */ = {
			isa = PBXResourcesBuildPhase;
			buildActionMask = 2147483647;
			files = (
				620989942A3AE779002CCABC /* metronome-click.m4a in Resources */,
				624709CA2A3AD4B6002AEE60 /* Preview Assets.xcassets in Resources */,
				624709C72A3AD4B6002AEE60 /* Assets.xcassets in Resources */,
			);
			runOnlyForDeploymentPostprocessing = 0;
		};
/* End PBXResourcesBuildPhase section */

/* Begin PBXSourcesBuildPhase section */
		624709BB2A3AD4B4002AEE60 /* Sources */ = {
			isa = PBXSourcesBuildPhase;
			buildActionMask = 2147483647;
			files = (
				624709C52A3AD4B4002AEE60 /* ContentView.swift in Sources */,
				6209898B2A3AD600002CCABC /* MetronomeModel.swift in Sources */,
				620989912A3ADB7B002CCABC /* ButtonView.swift in Sources */,
				620989982A3AE864002CCABC /* MetronomeView.swift in Sources */,
				6209898D2A3AD702002CCABC /* bpmView.swift in Sources */,
				624709C32A3AD4B4002AEE60 /* MetronomeApp.swift in Sources */,
				620989962A3AE78D002CCABC /* AudioPlayer.swift in Sources */,
			);
			runOnlyForDeploymentPostprocessing = 0;
		};
/* End PBXSourcesBuildPhase section */

/* Begin XCBuildConfiguration section */
		624709CB2A3AD4B6002AEE60 /* Debug */ = {
			isa = XCBuildConfiguration;
			buildSettings = {
				ALWAYS_SEARCH_USER_PATHS = NO;
				CLANG_ANALYZER_NONNULL = YES;
				CLANG_ANALYZER_NUMBER_OBJECT_CONVERSION = YES_AGGRESSIVE;
				CLANG_CXX_LANGUAGE_STANDARD = "gnu++20";
				CLANG_ENABLE_MODULES = YES;
				CLANG_ENABLE_OBJC_ARC = YES;
				CLANG_ENABLE_OBJC_WEAK = YES;
				CLANG_WARN_BLOCK_CAPTURE_AUTORELEASING = YES;
				CLANG_WARN_BOOL_CONVERSION = YES;
				CLANG_WARN_COMMA = YES;
				CLANG_WARN_CONSTANT_CONVERSION = YES;
				CLANG_WARN_DEPRECATED_OBJC_IMPLEMENTATIONS = YES;
				CLANG_WARN_DIRECT_OBJC_ISA_USAGE = YES_ERROR;
				CLANG_WARN_DOCUMENTATION_COMMENTS = YES;
				CLANG_WARN_EMPTY_BODY = YES;
				CLANG_WARN_ENUM_CONVERSION = YES;
				CLANG_WARN_INFINITE_RECURSION = YES;
				CLANG_WARN_INT_CONVERSION = YES;
				CLANG_WARN_NON_LITERAL_NULL_CONVERSION = YES;
				CLANG_WARN_OBJC_IMPLICIT_RETAIN_SELF = YES;
				CLANG_WARN_OBJC_LITERAL_CONVERSION = YES;
				CLANG_WARN_OBJC_ROOT_CLASS = YES_ERROR;
				CLANG_WARN_QUOTED_INCLUDE_IN_FRAMEWORK_HEADER = YES;
				CLANG_WARN_RANGE_LOOP_ANALYSIS = YES;
				CLANG_WARN_STRICT_PROTOTYPES = YES;
				CLANG_WARN_SUSPICIOUS_MOVE = YES;
				CLANG_WARN_UNGUARDED_AVAILABILITY = YES_AGGRESSIVE;
				CLANG_WARN_UNREACHABLE_CODE = YES;
				CLANG_WARN__DUPLICATE_METHOD_MATCH = YES;
				COPY_PHASE_STRIP = NO;
				DEBUG_INFORMATION_FORMAT = dwarf;
				ENABLE_STRICT_OBJC_MSGSEND = YES;
				ENABLE_TESTABILITY = YES;
				GCC_C_LANGUAGE_STANDARD = gnu11;
				GCC_DYNAMIC_NO_PIC = NO;
				GCC_NO_COMMON_BLOCKS = YES;
				GCC_OPTIMIZATION_LEVEL = 0;
				GCC_PREPROCESSOR_DEFINITIONS = (
					"DEBUG=1",
					"$(inherited)",
				);
				GCC_WARN_64_TO_32_BIT_CONVERSION = YES;
				GCC_WARN_ABOUT_RETURN_TYPE = YES_ERROR;
				GCC_WARN_UNDECLARED_SELECTOR = YES;
				GCC_WARN_UNINITIALIZED_AUTOS = YES_AGGRESSIVE;
				GCC_WARN_UNUSED_FUNCTION = YES;
				GCC_WARN_UNUSED_VARIABLE = YES;
				IPHONEOS_DEPLOYMENT_TARGET = 16.4;
				MTL_ENABLE_DEBUG_INFO = INCLUDE_SOURCE;
				MTL_FAST_MATH = YES;
				ONLY_ACTIVE_ARCH = YES;
				SDKROOT = iphoneos;
				SWIFT_ACTIVE_COMPILATION_CONDITIONS = DEBUG;
				SWIFT_OPTIMIZATION_LEVEL = "-Onone";
			};
			name = Debug;
		};
		624709CC2A3AD4B6002AEE60 /* Release */ = {
			isa = XCBuildConfiguration;
			buildSettings = {
				ALWAYS_SEARCH_USER_PATHS = NO;
				CLANG_ANALYZER_NONNULL = YES;
				CLANG_ANALYZER_NUMBER_OBJECT_CONVERSION = YES_AGGRESSIVE;
				CLANG_CXX_LANGUAGE_STANDARD = "gnu++20";
				CLANG_ENABLE_MODULES = YES;
				CLANG_ENABLE_OBJC_ARC = YES;
				CLANG_ENABLE_OBJC_WEAK = YES;
				CLANG_WARN_BLOCK_CAPTURE_AUTORELEASING = YES;
				CLANG_WARN_BOOL_CONVERSION = YES;
				CLANG_WARN_COMMA = YES;
				CLANG_WARN_CONSTANT_CONVERSION = YES;
				CLANG_WARN_DEPRECATED_OBJC_IMPLEMENTATIONS = YES;
				CLANG_WARN_DIRECT_OBJC_ISA_USAGE = YES_ERROR;
				CLANG_WARN_DOCUMENTATION_COMMENTS = YES;
				CLANG_WARN_EMPTY_BODY = YES;
				CLANG_WARN_ENUM_CONVERSION = YES;
				CLANG_WARN_INFINITE_RECURSION = YES;
				CLANG_WARN_INT_CONVERSION = YES;
				CLANG_WARN_NON_LITERAL_NULL_CONVERSION = YES;
				CLANG_WARN_OBJC_IMPLICIT_RETAIN_SELF = YES;
				CLANG_WARN_OBJC_LITERAL_CONVERSION = YES;
				CLANG_WARN_OBJC_ROOT_CLASS = YES_ERROR;
				CLANG_WARN_QUOTED_INCLUDE_IN_FRAMEWORK_HEADER = YES;
				CLANG_WARN_RANGE_LOOP_ANALYSIS = YES;
				CLANG_WARN_STRICT_PROTOTYPES = YES;
				CLANG_WARN_SUSPICIOUS_MOVE = YES;
				CLANG_WARN_UNGUARDED_AVAILABILITY = YES_AGGRESSIVE;
				CLANG_WARN_UNREACHABLE_CODE = YES;
				CLANG_WARN__DUPLICATE_METHOD_MATCH = YES;
				COPY_PHASE_STRIP = NO;
				DEBUG_INFORMATION_FORMAT = "dwarf-with-dsym";
				ENABLE_NS_ASSERTIONS = NO;
				ENABLE_STRICT_OBJC_MSGSEND = YES;
				GCC_C_LANGUAGE_STANDARD = gnu11;
				GCC_NO_COMMON_BLOCKS = YES;
				GCC_WARN_64_TO_32_BIT_CONVERSION = YES;
				GCC_WARN_ABOUT_RETURN_TYPE = YES_ERROR;
				GCC_WARN_UNDECLARED_SELECTOR = YES;
				GCC_WARN_UNINITIALIZED_AUTOS = YES_AGGRESSIVE;
				GCC_WARN_UNUSED_FUNCTION = YES;
				GCC_WARN_UNUSED_VARIABLE = YES;
				IPHONEOS_DEPLOYMENT_TARGET = 16.4;
				MTL_ENABLE_DEBUG_INFO = NO;
				MTL_FAST_MATH = YES;
				SDKROOT = iphoneos;
				SWIFT_COMPILATION_MODE = wholemodule;
				SWIFT_OPTIMIZATION_LEVEL = "-O";
				VALIDATE_PRODUCT = YES;
			};
			name = Release;
		};
		624709CE2A3AD4B6002AEE60 /* Debug */ = {
			isa = XCBuildConfiguration;
			buildSettings = {
				ASSETCATALOG_COMPILER_APPICON_NAME = AppIcon;
				ASSETCATALOG_COMPILER_GLOBAL_ACCENT_COLOR_NAME = AccentColor;
				CODE_SIGN_STYLE = Automatic;
				CURRENT_PROJECT_VERSION = 1;
				DEVELOPMENT_ASSET_PATHS = "\"Metronome/Preview Content\"";
				ENABLE_PREVIEWS = YES;
				GENERATE_INFOPLIST_FILE = YES;
				INFOPLIST_KEY_LSApplicationCategoryType = "public.app-category.music";
				INFOPLIST_KEY_UIApplicationSceneManifest_Generation = YES;
				INFOPLIST_KEY_UIApplicationSupportsIndirectInputEvents = YES;
				INFOPLIST_KEY_UILaunchScreen_Generation = YES;
				INFOPLIST_KEY_UIStatusBarStyle = UIStatusBarStyleDarkContent;
				INFOPLIST_KEY_UISupportedInterfaceOrientations = UIInterfaceOrientationPortrait;
				IPHONEOS_DEPLOYMENT_TARGET = 16.0;
				LD_RUNPATH_SEARCH_PATHS = (
					"$(inherited)",
					"@executable_path/Frameworks",
				);
				MARKETING_VERSION = 1.0;
				PRODUCT_BUNDLE_IDENTIFIER = com.williamo1099.Metronome;
				PRODUCT_NAME = "$(TARGET_NAME)";
				SUPPORTED_PLATFORMS = "iphoneos iphonesimulator";
				SUPPORTS_MACCATALYST = NO;
				SUPPORTS_MAC_DESIGNED_FOR_IPHONE_IPAD = NO;
				SWIFT_EMIT_LOC_STRINGS = YES;
				SWIFT_VERSION = 5.0;
				TARGETED_DEVICE_FAMILY = "1,2";
			};
			name = Debug;
		};
		624709CF2A3AD4B6002AEE60 /* Release */ = {
			isa = XCBuildConfiguration;
			buildSettings = {
				ASSETCATALOG_COMPILER_APPICON_NAME = AppIcon;
				ASSETCATALOG_COMPILER_GLOBAL_ACCENT_COLOR_NAME = AccentColor;
				CODE_SIGN_STYLE = Automatic;
				CURRENT_PROJECT_VERSION = 1;
				DEVELOPMENT_ASSET_PATHS = "\"Metronome/Preview Content\"";
				ENABLE_PREVIEWS = YES;
				GENERATE_INFOPLIST_FILE = YES;
				INFOPLIST_KEY_LSApplicationCategoryType = "public.app-category.music";
				INFOPLIST_KEY_UIApplicationSceneManifest_Generation = YES;
				INFOPLIST_KEY_UIApplicationSupportsIndirectInputEvents = YES;
				INFOPLIST_KEY_UILaunchScreen_Generation = YES;
				INFOPLIST_KEY_UIStatusBarStyle = UIStatusBarStyleDarkContent;
				INFOPLIST_KEY_UISupportedInterfaceOrientations = UIInterfaceOrientationPortrait;
				IPHONEOS_DEPLOYMENT_TARGET = 16.0;
				LD_RUNPATH_SEARCH_PATHS = (
					"$(inherited)",
					"@executable_path/Frameworks",
				);
				MARKETING_VERSION = 1.0;
				PRODUCT_BUNDLE_IDENTIFIER = com.williamo1099.Metronome;
				PRODUCT_NAME = "$(TARGET_NAME)";
				SUPPORTED_PLATFORMS = "iphoneos iphonesimulator";
				SUPPORTS_MACCATALYST = NO;
				SUPPORTS_MAC_DESIGNED_FOR_IPHONE_IPAD = NO;
				SWIFT_EMIT_LOC_STRINGS = YES;
				SWIFT_VERSION = 5.0;
				TARGETED_DEVICE_FAMILY = "1,2";
			};
			name = Release;
		};
/* End XCBuildConfiguration section */

/* Begin XCConfigurationList section */
		624709BA2A3AD4B4002AEE60 /* Build configuration list for PBXProject "Metronome" */ = {
			isa = XCConfigurationList;
			buildConfigurations = (
				624709CB2A3AD4B6002AEE60 /* Debug */,
				624709CC2A3AD4B6002AEE60 /* Release */,
			);
			defaultConfigurationIsVisible = 0;
			defaultConfigurationName = Release;
		};
		624709CD2A3AD4B6002AEE60 /* Build configuration list for PBXNativeTarget "Metronome" */ = {
			isa = XCConfigurationList;
			buildConfigurations = (
				624709CE2A3AD4B6002AEE60 /* Debug */,
				624709CF2A3AD4B6002AEE60 /* Release */,
			);
			defaultConfigurationIsVisible = 0;
			defaultConfigurationName = Release;
		};
/* End XCConfigurationList section */
	};
	rootObject = 624709B72A3AD4B4002AEE60 /* Project object */;
}
